// !$*UTF8*$!
{
	archiveVersion = 1;
	classes = {
	};
	objectVersion = 46;
	objects = {

/* Begin PBXBuildFile section */
		701DF7F619B740E300954112 /* Foundation.framework in Frameworks */ = {isa = PBXBuildFile; fileRef = 701DF7F519B740E300954112 /* Foundation.framework */; };
		701DF7F819B740E300954112 /* CoreGraphics.framework in Frameworks */ = {isa = PBXBuildFile; fileRef = 701DF7F719B740E300954112 /* CoreGraphics.framework */; };
		701DF7FA19B740E300954112 /* UIKit.framework in Frameworks */ = {isa = PBXBuildFile; fileRef = 701DF7F919B740E300954112 /* UIKit.framework */; };
		701DF80019B740E300954112 /* InfoPlist.strings in Resources */ = {isa = PBXBuildFile; fileRef = 701DF7FE19B740E300954112 /* InfoPlist.strings */; };
		701DF80219B740E300954112 /* main.m in Sources */ = {isa = PBXBuildFile; fileRef = 701DF80119B740E300954112 /* main.m */; };
		701DF80619B740E300954112 /* CGAppDelegate.m in Sources */ = {isa = PBXBuildFile; fileRef = 701DF80519B740E300954112 /* CGAppDelegate.m */; };
		701DF80919B740E300954112 /* Main.storyboard in Resources */ = {isa = PBXBuildFile; fileRef = 701DF80719B740E300954112 /* Main.storyboard */; };
		701DF80C19B740E300954112 /* CGViewController.m in Sources */ = {isa = PBXBuildFile; fileRef = 701DF80B19B740E300954112 /* CGViewController.m */; };
		701DF80E19B740E300954112 /* Images.xcassets in Resources */ = {isa = PBXBuildFile; fileRef = 701DF80D19B740E300954112 /* Images.xcassets */; };
		701DF81519B740E300954112 /* XCTest.framework in Frameworks */ = {isa = PBXBuildFile; fileRef = 701DF81419B740E300954112 /* XCTest.framework */; };
		701DF81619B740E300954112 /* Foundation.framework in Frameworks */ = {isa = PBXBuildFile; fileRef = 701DF7F519B740E300954112 /* Foundation.framework */; };
		701DF81719B740E300954112 /* UIKit.framework in Frameworks */ = {isa = PBXBuildFile; fileRef = 701DF7F919B740E300954112 /* UIKit.framework */; };
		701DF81F19B740E300954112 /* InfoPlist.strings in Resources */ = {isa = PBXBuildFile; fileRef = 701DF81D19B740E300954112 /* InfoPlist.strings */; };
		701DF82119B740E300954112 /* CityGuideTests.m in Sources */ = {isa = PBXBuildFile; fileRef = 701DF82019B740E300954112 /* CityGuideTests.m */; };
		701DF82B19B7412000954112 /* CGViewController.xib in Resources */ = {isa = PBXBuildFile; fileRef = 701DF82A19B7412000954112 /* CGViewController.xib */; };
		701DF82E19B746C200954112 /* CGCity.m in Sources */ = {isa = PBXBuildFile; fileRef = 701DF82D19B746C200954112 /* CGCity.m */; };
		701DF83419B74BB000954112 /* London.jpeg in Resources */ = {isa = PBXBuildFile; fileRef = 701DF83019B74BB000954112 /* London.jpeg */; };
		701DF83519B74BB000954112 /* Madrid.jpg in Resources */ = {isa = PBXBuildFile; fileRef = 701DF83119B74BB000954112 /* Madrid.jpg */; };
		701DF83619B74BB000954112 /* SanFrancisco.jpg in Resources */ = {isa = PBXBuildFile; fileRef = 701DF83219B74BB000954112 /* SanFrancisco.jpg */; };
		701DF83719B74BB000954112 /* Sydney.jpg in Resources */ = {isa = PBXBuildFile; fileRef = 701DF83319B74BB000954112 /* Sydney.jpg */; };
		701DF84119B7510200954112 /* CGCityController.m in Sources */ = {isa = PBXBuildFile; fileRef = 701DF83F19B7510200954112 /* CGCityController.m */; };
		701DF84219B7510200954112 /* CGCityController.xib in Resources */ = {isa = PBXBuildFile; fileRef = 701DF84019B7510200954112 /* CGCityController.xib */; };
		70A3E50619B899D100487649 /* CGAddCityController.m in Sources */ = {isa = PBXBuildFile; fileRef = 70A3E50419B899D100487649 /* CGAddCityController.m */; };
		70A3E50719B899D100487649 /* CGAddCityController.xib in Resources */ = {isa = PBXBuildFile; fileRef = 70A3E50519B899D100487649 /* CGAddCityController.xib */; };
		CCA6630819B8C62B0095B194 /* Default.jpg in Resources */ = {isa = PBXBuildFile; fileRef = CCA6630719B8C62B0095B194 /* Default.jpg */; };
/* End PBXBuildFile section */

/* Begin PBXContainerItemProxy section */
		701DF81819B740E300954112 /* PBXContainerItemProxy */ = {
			isa = PBXContainerItemProxy;
			containerPortal = 701DF7EA19B740E300954112 /* Project object */;
			proxyType = 1;
			remoteGlobalIDString = 701DF7F119B740E300954112;
			remoteInfo = CityGuide;
		};
/* End PBXContainerItemProxy section */

/* Begin PBXFileReference section */
		701DF7F219B740E300954112 /* CityGuide.app */ = {isa = PBXFileReference; explicitFileType = wrapper.application; includeInIndex = 0; path = CityGuide.app; sourceTree = BUILT_PRODUCTS_DIR; };
		701DF7F519B740E300954112 /* Foundation.framework */ = {isa = PBXFileReference; lastKnownFileType = wrapper.framework; name = Foundation.framework; path = System/Library/Frameworks/Foundation.framework; sourceTree = SDKROOT; };
		701DF7F719B740E300954112 /* CoreGraphics.framework */ = {isa = PBXFileReference; lastKnownFileType = wrapper.framework; name = CoreGraphics.framework; path = System/Library/Frameworks/CoreGraphics.framework; sourceTree = SDKROOT; };
		701DF7F919B740E300954112 /* UIKit.framework */ = {isa = PBXFileReference; lastKnownFileType = wrapper.framework; name = UIKit.framework; path = System/Library/Frameworks/UIKit.framework; sourceTree = SDKROOT; };
		701DF7FD19B740E300954112 /* CityGuide-Info.plist */ = {isa = PBXFileReference; lastKnownFileType = text.plist.xml; path = "CityGuide-Info.plist"; sourceTree = "<group>"; };
		701DF7FF19B740E300954112 /* en */ = {isa = PBXFileReference; lastKnownFileType = text.plist.strings; name = en; path = en.lproj/InfoPlist.strings; sourceTree = "<group>"; };
		701DF80119B740E300954112 /* main.m */ = {isa = PBXFileReference; lastKnownFileType = sourcecode.c.objc; path = main.m; sourceTree = "<group>"; };
		701DF80319B740E300954112 /* CityGuide-Prefix.pch */ = {isa = PBXFileReference; lastKnownFileType = sourcecode.c.h; path = "CityGuide-Prefix.pch"; sourceTree = "<group>"; };
		701DF80419B740E300954112 /* CGAppDelegate.h */ = {isa = PBXFileReference; lastKnownFileType = sourcecode.c.h; path = CGAppDelegate.h; sourceTree = "<group>"; };
		701DF80519B740E300954112 /* CGAppDelegate.m */ = {isa = PBXFileReference; lastKnownFileType = sourcecode.c.objc; path = CGAppDelegate.m; sourceTree = "<group>"; };
		701DF80819B740E300954112 /* Base */ = {isa = PBXFileReference; lastKnownFileType = file.storyboard; name = Base; path = Base.lproj/Main.storyboard; sourceTree = "<group>"; };
		701DF80A19B740E300954112 /* CGViewController.h */ = {isa = PBXFileReference; lastKnownFileType = sourcecode.c.h; path = CGViewController.h; sourceTree = "<group>"; };
		701DF80B19B740E300954112 /* CGViewController.m */ = {isa = PBXFileReference; lastKnownFileType = sourcecode.c.objc; path = CGViewController.m; sourceTree = "<group>"; };
		701DF80D19B740E300954112 /* Images.xcassets */ = {isa = PBXFileReference; lastKnownFileType = folder.assetcatalog; path = Images.xcassets; sourceTree = "<group>"; };
		701DF81319B740E300954112 /* CityGuideTests.xctest */ = {isa = PBXFileReference; explicitFileType = wrapper.cfbundle; includeInIndex = 0; path = CityGuideTests.xctest; sourceTree = BUILT_PRODUCTS_DIR; };
		701DF81419B740E300954112 /* XCTest.framework */ = {isa = PBXFileReference; lastKnownFileType = wrapper.framework; name = XCTest.framework; path = Library/Frameworks/XCTest.framework; sourceTree = DEVELOPER_DIR; };
		701DF81C19B740E300954112 /* CityGuideTests-Info.plist */ = {isa = PBXFileReference; lastKnownFileType = text.plist.xml; path = "CityGuideTests-Info.plist"; sourceTree = "<group>"; };
		701DF81E19B740E300954112 /* en */ = {isa = PBXFileReference; lastKnownFileType = text.plist.strings; name = en; path = en.lproj/InfoPlist.strings; sourceTree = "<group>"; };
		701DF82019B740E300954112 /* CityGuideTests.m */ = {isa = PBXFileReference; lastKnownFileType = sourcecode.c.objc; path = CityGuideTests.m; sourceTree = "<group>"; };
		701DF82A19B7412000954112 /* CGViewController.xib */ = {isa = PBXFileReference; fileEncoding = 4; lastKnownFileType = file.xib; name = CGViewController.xib; path = ../CGViewController.xib; sourceTree = "<group>"; };
		701DF82C19B746C200954112 /* CGCity.h */ = {isa = PBXFileReference; fileEncoding = 4; lastKnownFileType = sourcecode.c.h; path = CGCity.h; sourceTree = "<group>"; };
		701DF82D19B746C200954112 /* CGCity.m */ = {isa = PBXFileReference; fileEncoding = 4; lastKnownFileType = sourcecode.c.objc; path = CGCity.m; sourceTree = "<group>"; };
		701DF83019B74BB000954112 /* London.jpeg */ = {isa = PBXFileReference; lastKnownFileType = image.jpeg; path = London.jpeg; sourceTree = "<group>"; };
		701DF83119B74BB000954112 /* Madrid.jpg */ = {isa = PBXFileReference; lastKnownFileType = image.jpeg; path = Madrid.jpg; sourceTree = "<group>"; };
		701DF83219B74BB000954112 /* SanFrancisco.jpg */ = {isa = PBXFileReference; lastKnownFileType = image.jpeg; path = SanFrancisco.jpg; sourceTree = "<group>"; };
		701DF83319B74BB000954112 /* Sydney.jpg */ = {isa = PBXFileReference; lastKnownFileType = image.jpeg; path = Sydney.jpg; sourceTree = "<group>"; };
		701DF83E19B7510200954112 /* CGCityController.h */ = {isa = PBXFileReference; fileEncoding = 4; lastKnownFileType = sourcecode.c.h; path = CGCityController.h; sourceTree = "<group>"; };
		701DF83F19B7510200954112 /* CGCityController.m */ = {isa = PBXFileReference; fileEncoding = 4; lastKnownFileType = sourcecode.c.objc; path = CGCityController.m; sourceTree = "<group>"; };
		701DF84019B7510200954112 /* CGCityController.xib */ = {isa = PBXFileReference; fileEncoding = 4; lastKnownFileType = file.xib; path = CGCityController.xib; sourceTree = "<group>"; };
		70A3E50319B899D100487649 /* CGAddCityController.h */ = {isa = PBXFileReference; fileEncoding = 4; lastKnownFileType = sourcecode.c.h; path = CGAddCityController.h; sourceTree = "<group>"; };
		70A3E50419B899D100487649 /* CGAddCityController.m */ = {isa = PBXFileReference; fileEncoding = 4; lastKnownFileType = sourcecode.c.objc; path = CGAddCityController.m; sourceTree = "<group>"; };
		70A3E50519B899D100487649 /* CGAddCityController.xib */ = {isa = PBXFileReference; fileEncoding = 4; lastKnownFileType = file.xib; path = CGAddCityController.xib; sourceTree = "<group>"; };
		CCA6630719B8C62B0095B194 /* Default.jpg */ = {isa = PBXFileReference; lastKnownFileType = image.jpeg; path = Default.jpg; sourceTree = "<group>"; };
/* End PBXFileReference section */

/* Begin PBXFrameworksBuildPhase section */
		701DF7EF19B740E300954112 /* Frameworks */ = {
			isa = PBXFrameworksBuildPhase;
			buildActionMask = 2147483647;
			files = (
				701DF7F819B740E300954112 /* CoreGraphics.framework in Frameworks */,
				701DF7FA19B740E300954112 /* UIKit.framework in Frameworks */,
				701DF7F619B740E300954112 /* Foundation.framework in Frameworks */,
			);
			runOnlyForDeploymentPostprocessing = 0;
		};
		701DF81019B740E300954112 /* Frameworks */ = {
			isa = PBXFrameworksBuildPhase;
			buildActionMask = 2147483647;
			files = (
				701DF81519B740E300954112 /* XCTest.framework in Frameworks */,
				701DF81719B740E300954112 /* UIKit.framework in Frameworks */,
				701DF81619B740E300954112 /* Foundation.framework in Frameworks */,
			);
			runOnlyForDeploymentPostprocessing = 0;
		};
/* End PBXFrameworksBuildPhase section */

/* Begin PBXGroup section */
		701DF7E919B740E300954112 = {
			isa = PBXGroup;
			children = (
				701DF7FB19B740E300954112 /* CityGuide */,
				701DF81A19B740E300954112 /* CityGuideTests */,
				701DF7F419B740E300954112 /* Frameworks */,
				701DF7F319B740E300954112 /* Products */,
			);
			sourceTree = "<group>";
		};
		701DF7F319B740E300954112 /* Products */ = {
			isa = PBXGroup;
			children = (
				701DF7F219B740E300954112 /* CityGuide.app */,
				701DF81319B740E300954112 /* CityGuideTests.xctest */,
			);
			name = Products;
			sourceTree = "<group>";
		};
		701DF7F419B740E300954112 /* Frameworks */ = {
			isa = PBXGroup;
			children = (
				701DF7F519B740E300954112 /* Foundation.framework */,
				701DF7F719B740E300954112 /* CoreGraphics.framework */,
				701DF7F919B740E300954112 /* UIKit.framework */,
				701DF81419B740E300954112 /* XCTest.framework */,
			);
			name = Frameworks;
			sourceTree = "<group>";
		};
		701DF7FB19B740E300954112 /* CityGuide */ = {
			isa = PBXGroup;
			children = (
				701DF80419B740E300954112 /* CGAppDelegate.h */,
				701DF80519B740E300954112 /* CGAppDelegate.m */,
				701DF80719B740E300954112 /* Main.storyboard */,
				701DF80A19B740E300954112 /* CGViewController.h */,
				701DF80B19B740E300954112 /* CGViewController.m */,
				701DF82A19B7412000954112 /* CGViewController.xib */,
				CCA6630719B8C62B0095B194 /* Default.jpg */,
				701DF80D19B740E300954112 /* Images.xcassets */,
				701DF82F19B746C600954112 /* CGCity */,
				701DF7FC19B740E300954112 /* Supporting Files */,
			);
			path = CityGuide;
			sourceTree = "<group>";
		};
		701DF7FC19B740E300954112 /* Supporting Files */ = {
			isa = PBXGroup;
			children = (
				701DF7FD19B740E300954112 /* CityGuide-Info.plist */,
				701DF7FE19B740E300954112 /* InfoPlist.strings */,
				701DF80119B740E300954112 /* main.m */,
				701DF80319B740E300954112 /* CityGuide-Prefix.pch */,
			);
			name = "Supporting Files";
			sourceTree = "<group>";
		};
		701DF81A19B740E300954112 /* CityGuideTests */ = {
			isa = PBXGroup;
			children = (
				701DF82019B740E300954112 /* CityGuideTests.m */,
				701DF81B19B740E300954112 /* Supporting Files */,
			);
			path = CityGuideTests;
			sourceTree = "<group>";
		};
		701DF81B19B740E300954112 /* Supporting Files */ = {
			isa = PBXGroup;
			children = (
				701DF81C19B740E300954112 /* CityGuideTests-Info.plist */,
				701DF81D19B740E300954112 /* InfoPlist.strings */,
			);
			name = "Supporting Files";
			sourceTree = "<group>";
		};
		701DF82F19B746C600954112 /* CGCity */ = {
			isa = PBXGroup;
			children = (
				701DF82C19B746C200954112 /* CGCity.h */,
				701DF82D19B746C200954112 /* CGCity.m */,
				70A3E50819B899D900487649 /* AddCity */,
				70A3E50919B899FB00487649 /* CityDetail */,
				701DF83819B74BB700954112 /* CGCityImage */,
			);
			name = CGCity;
			sourceTree = "<group>";
		};
		701DF83819B74BB700954112 /* CGCityImage */ = {
			isa = PBXGroup;
			children = (
				701DF83019B74BB000954112 /* London.jpeg */,
				701DF83119B74BB000954112 /* Madrid.jpg */,
				701DF83219B74BB000954112 /* SanFrancisco.jpg */,
				701DF83319B74BB000954112 /* Sydney.jpg */,
			);
			name = CGCityImage;
			sourceTree = "<group>";
		};
		70A3E50819B899D900487649 /* AddCity */ = {
			isa = PBXGroup;
			children = (
				70A3E50319B899D100487649 /* CGAddCityController.h */,
				70A3E50419B899D100487649 /* CGAddCityController.m */,
				70A3E50519B899D100487649 /* CGAddCityController.xib */,
			);
			name = AddCity;
			path = ..;
			sourceTree = "<group>";
		};
		70A3E50919B899FB00487649 /* CityDetail */ = {
			isa = PBXGroup;
			children = (
				701DF83E19B7510200954112 /* CGCityController.h */,
				701DF83F19B7510200954112 /* CGCityController.m */,
				701DF84019B7510200954112 /* CGCityController.xib */,
			);
			name = CityDetail;
			sourceTree = "<group>";
		};
/* End PBXGroup section */

/* Begin PBXNativeTarget section */
		701DF7F119B740E300954112 /* CityGuide */ = {
			isa = PBXNativeTarget;
			buildConfigurationList = 701DF82419B740E300954112 /* Build configuration list for PBXNativeTarget "CityGuide" */;
			buildPhases = (
				701DF7EE19B740E300954112 /* Sources */,
				701DF7EF19B740E300954112 /* Frameworks */,
				701DF7F019B740E300954112 /* Resources */,
			);
			buildRules = (
			);
			dependencies = (
			);
			name = CityGuide;
			productName = CityGuide;
			productReference = 701DF7F219B740E300954112 /* CityGuide.app */;
			productType = "com.apple.product-type.application";
		};
		701DF81219B740E300954112 /* CityGuideTests */ = {
			isa = PBXNativeTarget;
			buildConfigurationList = 701DF82719B740E300954112 /* Build configuration list for PBXNativeTarget "CityGuideTests" */;
			buildPhases = (
				701DF80F19B740E300954112 /* Sources */,
				701DF81019B740E300954112 /* Frameworks */,
				701DF81119B740E300954112 /* Resources */,
			);
			buildRules = (
			);
			dependencies = (
				701DF81919B740E300954112 /* PBXTargetDependency */,
			);
			name = CityGuideTests;
			productName = CityGuideTests;
			productReference = 701DF81319B740E300954112 /* CityGuideTests.xctest */;
			productType = "com.apple.product-type.bundle.unit-test";
		};
/* End PBXNativeTarget section */

/* Begin PBXProject section */
		701DF7EA19B740E300954112 /* Project object */ = {
			isa = PBXProject;
			attributes = {
				CLASSPREFIX = CG;
				LastUpgradeCheck = 0510;
				ORGANIZATIONNAME = coco;
				TargetAttributes = {
					701DF81219B740E300954112 = {
						TestTargetID = 701DF7F119B740E300954112;
					};
				};
			};
			buildConfigurationList = 701DF7ED19B740E300954112 /* Build configuration list for PBXProject "CityGuide" */;
			compatibilityVersion = "Xcode 3.2";
			developmentRegion = English;
			hasScannedForEncodings = 0;
			knownRegions = (
				en,
				Base,
			);
			mainGroup = 701DF7E919B740E300954112;
			productRefGroup = 701DF7F319B740E300954112 /* Products */;
			projectDirPath = "";
			projectRoot = "";
			targets = (
				701DF7F119B740E300954112 /* CityGuide */,
				701DF81219B740E300954112 /* CityGuideTests */,
			);
		};
/* End PBXProject section */

/* Begin PBXResourcesBuildPhase section */
		701DF7F019B740E300954112 /* Resources */ = {
			isa = PBXResourcesBuildPhase;
			buildActionMask = 2147483647;
			files = (
				701DF83619B74BB000954112 /* SanFrancisco.jpg in Resources */,
				701DF80E19B740E300954112 /* Images.xcassets in Resources */,
				701DF83419B74BB000954112 /* London.jpeg in Resources */,
				701DF83519B74BB000954112 /* Madrid.jpg in Resources */,
				701DF80019B740E300954112 /* InfoPlist.strings in Resources */,
				701DF84219B7510200954112 /* CGCityController.xib in Resources */,
				701DF83719B74BB000954112 /* Sydney.jpg in Resources */,
				701DF82B19B7412000954112 /* CGViewController.xib in Resources */,
				70A3E50719B899D100487649 /* CGAddCityController.xib in Resources */,
				701DF80919B740E300954112 /* Main.storyboard in Resources */,
				CCA6630819B8C62B0095B194 /* Default.jpg in Resources */,
			);
			runOnlyForDeploymentPostprocessing = 0;
		};
		701DF81119B740E300954112 /* Resources */ = {
			isa = PBXResourcesBuildPhase;
			buildActionMask = 2147483647;
			files = (
				701DF81F19B740E300954112 /* InfoPlist.strings in Resources */,
			);
			runOnlyForDeploymentPostprocessing = 0;
		};
/* End PBXResourcesBuildPhase section */

/* Begin PBXSourcesBuildPhase section */
		701DF7EE19B740E300954112 /* Sources */ = {
			isa = PBXSourcesBuildPhase;
			buildActionMask = 2147483647;
			files = (
				701DF80619B740E300954112 /* CGAppDelegate.m in Sources */,
				701DF80219B740E300954112 /* main.m in Sources */,
				70A3E50619B899D100487649 /* CGAddCityController.m in Sources */,
				701DF82E19B746C200954112 /* CGCity.m in Sources */,
				701DF84119B7510200954112 /* CGCityController.m in Sources */,
				701DF80C19B740E300954112 /* CGViewController.m in Sources */,
			);
			runOnlyForDeploymentPostprocessing = 0;
		};
		701DF80F19B740E300954112 /* Sources */ = {
			isa = PBXSourcesBuildPhase;
			buildActionMask = 2147483647;
			files = (
				701DF82119B740E300954112 /* CityGuideTests.m in Sources */,
			);
			runOnlyForDeploymentPostprocessing = 0;
		};
/* End PBXSourcesBuildPhase section */

/* Begin PBXTargetDependency section */
		701DF81919B740E300954112 /* PBXTargetDependency */ = {
			isa = PBXTargetDependency;
			target = 701DF7F119B740E300954112 /* CityGuide */;
			targetProxy = 701DF81819B740E300954112 /* PBXContainerItemProxy */;
		};
/* End PBXTargetDependency section */

/* Begin PBXVariantGroup section */
		701DF7FE19B740E300954112 /* InfoPlist.strings */ = {
			isa = PBXVariantGroup;
			children = (
				701DF7FF19B740E300954112 /* en */,
			);
			name = InfoPlist.strings;
			sourceTree = "<group>";
		};
		701DF80719B740E300954112 /* Main.storyboard */ = {
			isa = PBXVariantGroup;
			children = (
				701DF80819B740E300954112 /* Base */,
			);
			name = Main.storyboard;
			sourceTree = "<group>";
		};
		701DF81D19B740E300954112 /* InfoPlist.strings */ = {
			isa = PBXVariantGroup;
			children = (
				701DF81E19B740E300954112 /* en */,
			);
			name = InfoPlist.strings;
			sourceTree = "<group>";
		};
/* End PBXVariantGroup section */

/* Begin XCBuildConfiguration section */
		701DF82219B740E300954112 /* Debug */ = {
			isa = XCBuildConfiguration;
			buildSettings = {
				ALWAYS_SEARCH_USER_PATHS = NO;
				CLANG_CXX_LANGUAGE_STANDARD = "gnu++0x";
				CLANG_CXX_LIBRARY = "libc++";
				CLANG_ENABLE_MODULES = YES;
				CLANG_ENABLE_OBJC_ARC = YES;
				CLANG_WARN_BOOL_CONVERSION = YES;
				CLANG_WARN_CONSTANT_CONVERSION = YES;
				CLANG_WARN_DIRECT_OBJC_ISA_USAGE = YES_ERROR;
				CLANG_WARN_EMPTY_BODY = YES;
				CLANG_WARN_ENUM_CONVERSION = YES;
				CLANG_WARN_INT_CONVERSION = YES;
				CLANG_WARN_OBJC_ROOT_CLASS = YES_ERROR;
				CLANG_WARN__DUPLICATE_METHOD_MATCH = YES;
				"CODE_SIGN_IDENTITY[sdk=iphoneos*]" = "iPhone Developer";
				COPY_PHASE_STRIP = NO;
				GCC_C_LANGUAGE_STANDARD = gnu99;
				GCC_DYNAMIC_NO_PIC = NO;
				GCC_OPTIMIZATION_LEVEL = 0;
				GCC_PREPROCESSOR_DEFINITIONS = (
					"DEBUG=1",
					"$(inherited)",
				);
				GCC_SYMBOLS_PRIVATE_EXTERN = NO;
				GCC_WARN_64_TO_32_BIT_CONVERSION = YES;
				GCC_WARN_ABOUT_RETURN_TYPE = YES_ERROR;
				GCC_WARN_UNDECLARED_SELECTOR = YES;
				GCC_WARN_UNINITIALIZED_AUTOS = YES_AGGRESSIVE;
				GCC_WARN_UNUSED_FUNCTION = YES;
				GCC_WARN_UNUSED_VARIABLE = YES;
				IPHONEOS_DEPLOYMENT_TARGET = 7.1;
				ONLY_ACTIVE_ARCH = YES;
				SDKROOT = iphoneos;
			};
			name = Debug;
		};
		701DF82319B740E300954112 /* Release */ = {
			isa = XCBuildConfiguration;
			buildSettings = {
				ALWAYS_SEARCH_USER_PATHS = NO;
				CLANG_CXX_LANGUAGE_STANDARD = "gnu++0x";
				CLANG_CXX_LIBRARY = "libc++";
				CLANG_ENABLE_MODULES = YES;
				CLANG_ENABLE_OBJC_ARC = YES;
				CLANG_WARN_BOOL_CONVERSION = YES;
				CLANG_WARN_CONSTANT_CONVERSION = YES;
				CLANG_WARN_DIRECT_OBJC_ISA_USAGE = YES_ERROR;
				CLANG_WARN_EMPTY_BODY = YES;
				CLANG_WARN_ENUM_CONVERSION = YES;
				CLANG_WARN_INT_CONVERSION = YES;
				CLANG_WARN_OBJC_ROOT_CLASS = YES_ERROR;
				CLANG_WARN__DUPLICATE_METHOD_MATCH = YES;
				"CODE_SIGN_IDENTITY[sdk=iphoneos*]" = "iPhone Developer";
				COPY_PHASE_STRIP = YES;
				ENABLE_NS_ASSERTIONS = NO;
				GCC_C_LANGUAGE_STANDARD = gnu99;
				GCC_WARN_64_TO_32_BIT_CONVERSION = YES;
				GCC_WARN_ABOUT_RETURN_TYPE = YES_ERROR;
				GCC_WARN_UNDECLARED_SELECTOR = YES;
				GCC_WARN_UNINITIALIZED_AUTOS = YES_AGGRESSIVE;
				GCC_WARN_UNUSED_FUNCTION = YES;
				GCC_WARN_UNUSED_VARIABLE = YES;
				IPHONEOS_DEPLOYMENT_TARGET = 7.1;
				SDKROOT = iphoneos;
				VALIDATE_PRODUCT = YES;
			};
			name = Release;
		};
		701DF82519B740E300954112 /* Debug */ = {
			isa = XCBuildConfiguration;
			buildSettings = {
				ASSETCATALOG_COMPILER_APPICON_NAME = AppIcon;
				ASSETCATALOG_COMPILER_LAUNCHIMAGE_NAME = LaunchImage;
				GCC_PRECOMPILE_PREFIX_HEADER = YES;
				GCC_PREFIX_HEADER = "CityGuide/CityGuide-Prefix.pch";
				INFOPLIST_FILE = "CityGuide/CityGuide-Info.plist";
				PRODUCT_NAME = "$(TARGET_NAME)";
				WRAPPER_EXTENSION = app;
			};
			name = Debug;
		};
		701DF82619B740E300954112 /* Release */ = {
			isa = XCBuildConfiguration;
			buildSettings = {
				ASSETCATALOG_COMPILER_APPICON_NAME = AppIcon;
				ASSETCATALOG_COMPILER_LAUNCHIMAGE_NAME = LaunchImage;
				GCC_PRECOMPILE_PREFIX_HEADER = YES;
				GCC_PREFIX_HEADER = "CityGuide/CityGuide-Prefix.pch";
				INFOPLIST_FILE = "CityGuide/CityGuide-Info.plist";
				PRODUCT_NAME = "$(TARGET_NAME)";
				WRAPPER_EXTENSION = app;
			};
			name = Release;
		};
		701DF82819B740E300954112 /* Debug */ = {
			isa = XCBuildConfiguration;
			buildSettings = {
				BUNDLE_LOADER = "$(BUILT_PRODUCTS_DIR)/CityGuide.app/CityGuide";
				FRAMEWORK_SEARCH_PATHS = (
					"$(SDKROOT)/Developer/Library/Frameworks",
					"$(inherited)",
					"$(DEVELOPER_FRAMEWORKS_DIR)",
				);
				GCC_PRECOMPILE_PREFIX_HEADER = YES;
				GCC_PREFIX_HEADER = "CityGuide/CityGuide-Prefix.pch";
				GCC_PREPROCESSOR_DEFINITIONS = (
					"DEBUG=1",
					"$(inherited)",
				);
				INFOPLIST_FILE = "CityGuideTests/CityGuideTests-Info.plist";
				PRODUCT_NAME = "$(TARGET_NAME)";
				TEST_HOST = "$(BUNDLE_LOADER)";
				WRAPPER_EXTENSION = xctest;
			};
			name = Debug;
		};
		701DF82919B740E300954112 /* Release */ = {
			isa = XCBuildConfiguration;
			buildSettings = {
				BUNDLE_LOADER = "$(BUILT_PRODUCTS_DIR)/CityGuide.app/CityGuide";
				FRAMEWORK_SEARCH_PATHS = (
					"$(SDKROOT)/Developer/Library/Frameworks",
					"$(inherited)",
					"$(DEVELOPER_FRAMEWORKS_DIR)",
				);
				GCC_PRECOMPILE_PREFIX_HEADER = YES;
				GCC_PREFIX_HEADER = "CityGuide/CityGuide-Prefix.pch";
				INFOPLIST_FILE = "CityGuideTests/CityGuideTests-Info.plist";
				PRODUCT_NAME = "$(TARGET_NAME)";
				TEST_HOST = "$(BUNDLE_LOADER)";
				WRAPPER_EXTENSION = xctest;
			};
			name = Release;
		};
/* End XCBuildConfiguration section */

/* Begin XCConfigurationList section */
		701DF7ED19B740E300954112 /* Build configuration list for PBXProject "CityGuide" */ = {
			isa = XCConfigurationList;
			buildConfigurations = (
				701DF82219B740E300954112 /* Debug */,
				701DF82319B740E300954112 /* Release */,
			);
			defaultConfigurationIsVisible = 0;
			defaultConfigurationName = Release;
		};
		701DF82419B740E300954112 /* Build configuration list for PBXNativeTarget "CityGuide" */ = {
			isa = XCConfigurationList;
			buildConfigurations = (
				701DF82519B740E300954112 /* Debug */,
				701DF82619B740E300954112 /* Release */,
			);
			defaultConfigurationIsVisible = 0;
			defaultConfigurationName = Release;
		};
		701DF82719B740E300954112 /* Build configuration list for PBXNativeTarget "CityGuideTests" */ = {
			isa = XCConfigurationList;
			buildConfigurations = (
				701DF82819B740E300954112 /* Debug */,
				701DF82919B740E300954112 /* Release */,
			);
			defaultConfigurationIsVisible = 0;
			defaultConfigurationName = Release;
		};
/* End XCConfigurationList section */
	};
	rootObject = 701DF7EA19B740E300954112 /* Project object */;
}
